{
  "name": "turso",
  "version": "1.0.0",
  "lockfileVersion": 3,
  "requires": true,
  "packages": {
    "": {
      "name": "turso",
      "version": "1.0.0",
      "license": "ISC",
      "dependencies": {
        "@libsql/client": "0.6.2"
      },
      "devDependencies": {
        "typescript": "^5.2.2"
      }
    },
    "node_modules/@libsql/client": {
      "version": "0.6.2",
      "resolved": "https://registry.npmjs.org/@libsql/client/-/client-0.6.2.tgz",
      "integrity": "sha512-xRNfRLv/dOCbV4qd+M0baQwGmvuZpMd2wG2UAPs8XmcdaPvu5ErkcaeITkxlm3hDEJVabQM1cFhMBxsugWW9fQ==",
      "dependencies": {
        "@libsql/core": "^0.6.2",
        "@libsql/hrana-client": "^0.6.0",
        "js-base64": "^3.7.5",
        "libsql": "^0.3.10"
      }
    },
    "node_modules/@libsql/core": {
      "version": "0.6.2",
      "resolved": "https://registry.npmjs.org/@libsql/core/-/core-0.6.2.tgz",
      "integrity": "sha512-c2P4M+4u/4b2L02A0KjggO3UW51rGkhxr/7fzJO0fEAqsqrWGxuNj2YtRkina/oxfYvAof6xjp8RucNoIV/Odw==",
      "dependencies": {
        "js-base64": "^3.7.5"
      }
    },
    "node_modules/@libsql/darwin-arm64": {
      "version": "0.3.18",
      "resolved": "https://registry.npmjs.org/@libsql/darwin-arm64/-/darwin-arm64-0.3.18.tgz",
      "integrity": "sha512-Zt49dt+cwhPCkuoWgvjbQd4ckNfCJR5xzIAyhgHl3CBZqZaEuaXTOGKLNQT7bnFRPuQcdLt5PBT1cenKu2N6pA==",
      "cpu": [
        "arm64"
      ],
      "optional": true,
      "os": [
        "darwin"
      ]
    },
    "node_modules/@libsql/darwin-x64": {
      "version": "0.3.18",
      "resolved": "https://registry.npmjs.org/@libsql/darwin-x64/-/darwin-x64-0.3.18.tgz",
      "integrity": "sha512-faq6HUGDaNaueeqPei5cypHaD/hhazUyfHo094CXiEeRZq6ZKtNl5PHdlr8jE/Uw8USNpVVQaLdnvSgKcpRPHw==",
      "cpu": [
        "x64"
      ],
      "optional": true,
      "os": [
        "darwin"
      ]
    },
    "node_modules/@libsql/hrana-client": {
      "version": "0.6.2",
      "resolved": "https://registry.npmjs.org/@libsql/hrana-client/-/hrana-client-0.6.2.tgz",
      "integrity": "sha512-MWxgD7mXLNf9FXXiM0bc90wCjZSpErWKr5mGza7ERy2FJNNMXd7JIOv+DepBA1FQTIfI8TFO4/QDYgaQC0goNw==",
      "dependencies": {
        "@libsql/isomorphic-fetch": "^0.2.1",
        "@libsql/isomorphic-ws": "^0.1.5",
        "js-base64": "^3.7.5",
        "node-fetch": "^3.3.2"
      }
    },
    "node_modules/@libsql/isomorphic-fetch": {
      "version": "0.2.1",
      "resolved": "https://registry.npmjs.org/@libsql/isomorphic-fetch/-/isomorphic-fetch-0.2.1.tgz",
      "integrity": "sha512-Sv07QP1Aw8A5OOrmKgRUBKe2fFhF2hpGJhtHe3d1aRnTESZCGkn//0zDycMKTGamVWb3oLYRroOsCV8Ukes9GA=="
    },
    "node_modules/@libsql/isomorphic-ws": {
      "version": "0.1.5",
      "resolved": "https://registry.npmjs.org/@libsql/isomorphic-ws/-/isomorphic-ws-0.1.5.tgz",
      "integrity": "sha512-DtLWIH29onUYR00i0GlQ3UdcTRC6EP4u9w/h9LxpUZJWRMARk6dQwZ6Jkd+QdwVpuAOrdxt18v0K2uIYR3fwFg==",
      "dependencies": {
        "@types/ws": "^8.5.4",
        "ws": "^8.13.0"
      }
    },
    "node_modules/@libsql/linux-arm64-gnu": {
      "version": "0.3.18",
      "resolved": "https://registry.npmjs.org/@libsql/linux-arm64-gnu/-/linux-arm64-gnu-0.3.18.tgz",
      "integrity": "sha512-5m9xtDAhoyLSV54tho9uQ2ZIDeJWc0vU3Xpe/VK4+6bpURISs23qNhXiCrZnnq3oV0hFlBfcIgQUIATmb6jD2A==",
      "cpu": [
        "arm64"
      ],
      "optional": true,
      "os": [
        "linux"
      ]
    },
    "node_modules/@libsql/linux-arm64-musl": {
      "version": "0.3.18",
      "resolved": "https://registry.npmjs.org/@libsql/linux-arm64-musl/-/linux-arm64-musl-0.3.18.tgz",
      "integrity": "sha512-oYD5+oM2gPEalp+EoR5DVQBRtdGjLsocjsRbQs5O2m4WOBJKER7VUfDYZHsifLGZoBSc11Yo6s9IR9rjGWy20w==",
      "cpu": [
        "arm64"
      ],
      "optional": true,
      "os": [
        "linux"
      ]
    },
    "node_modules/@libsql/linux-x64-gnu": {
      "version": "0.3.18",
      "resolved": "https://registry.npmjs.org/@libsql/linux-x64-gnu/-/linux-x64-gnu-0.3.18.tgz",
      "integrity": "sha512-QDSSP60nS8KIldGE7H3bpEflQHiL1erwED6huoVJdmDFxsyDJX2CYdWUWW8Za0ZUOvUbnEWAOyMhp6j1dBbZqw==",
      "cpu": [
        "x64"
      ],
      "optional": true,
      "os": [
        "linux"
      ]
    },
    "node_modules/@libsql/linux-x64-musl": {
      "version": "0.3.18",
      "resolved": "https://registry.npmjs.org/@libsql/linux-x64-musl/-/linux-x64-musl-0.3.18.tgz",
      "integrity": "sha512-5SXwTlaLCUPzxYyq+P0c7Ko7tcEjpd1X6RZKe1DuRFmJPg6f7j2+LrPEhMSIbqKcrl5ACUUAyoKmGZqNYwz23w==",
      "cpu": [
        "x64"
      ],
      "optional": true,
      "os": [
        "linux"
      ]
    },
    "node_modules/@libsql/win32-x64-msvc": {
      "version": "0.3.18",
      "resolved": "https://registry.npmjs.org/@libsql/win32-x64-msvc/-/win32-x64-msvc-0.3.18.tgz",
      "integrity": "sha512-9EEIHz+e8tTbx9TMkb8ByZnzxc0pYFirK1nSbqC6cFEST95fiY0NCfQ/zAzJxe90KckbjifX6BbO69eWIi3TAg==",
      "cpu": [
        "x64"
      ],
      "optional": true,
      "os": [
        "win32"
      ]
    },
    "node_modules/@neon-rs/load": {
      "version": "0.0.4",
      "resolved": "https://registry.npmjs.org/@neon-rs/load/-/load-0.0.4.tgz",
      "integrity": "sha512-kTPhdZyTQxB+2wpiRcFWrDcejc4JI6tkPuS7UZCG4l6Zvc5kU/gGQ/ozvHTh1XR5tS+UlfAfGuPajjzQjCiHCw=="
    },
    "node_modules/@types/node": {
      "version": "20.11.17",
      "resolved": "https://registry.npmjs.org/@types/node/-/node-20.11.17.tgz",
      "integrity": "sha512-QmgQZGWu1Yw9TDyAP9ZzpFJKynYNeOvwMJmaxABfieQoVoiVOS6MN1WSpqpRcbeA5+RW82kraAVxCCJg+780Qw==",
      "dependencies": {
        "undici-types": "~5.26.4"
      }
    },
    "node_modules/@types/ws": {
      "version": "8.5.10",
      "resolved": "https://registry.npmjs.org/@types/ws/-/ws-8.5.10.tgz",
      "integrity": "sha512-vmQSUcfalpIq0R9q7uTo2lXs6eGIpt9wtnLdMv9LVpIjCA/+ufZRozlVoVelIYixx1ugCBKDhn89vnsEGOCx9A==",
      "dependencies": {
        "@types/node": "*"
      }
    },
    "node_modules/data-uri-to-buffer": {
      "version": "4.0.1",
      "resolved": "https://registry.npmjs.org/data-uri-to-buffer/-/data-uri-to-buffer-4.0.1.tgz",
      "integrity": "sha512-0R9ikRb668HB7QDxT1vkpuUBtqc53YyAwMwGeUFKRojY/NWKvdZ+9UYtRfGmhqNbRkTSVpMbmyhXipFFv2cb/A==",
      "engines": {
        "node": ">= 12"
      }
    },
    "node_modules/detect-libc": {
      "version": "2.0.2",
      "resolved": "https://registry.npmjs.org/detect-libc/-/detect-libc-2.0.2.tgz",
      "integrity": "sha512-UX6sGumvvqSaXgdKGUsgZWqcUyIXZ/vZTrlRT/iobiKhGL0zL4d3osHj3uqllWJK+i+sixDS/3COVEOFbupFyw==",
      "engines": {
        "node": ">=8"
      }
    },
    "node_modules/fetch-blob": {
      "version": "3.2.0",
      "resolved": "https://registry.npmjs.org/fetch-blob/-/fetch-blob-3.2.0.tgz",
      "integrity": "sha512-7yAQpD2UMJzLi1Dqv7qFYnPbaPx7ZfFK6PiIxQ4PfkGPyNyl2Ugx+a/umUonmKqjhM4DnfbMvdX6otXq83soQQ==",
      "funding": [
        {
          "type": "github",
          "url": "https://github.com/sponsors/jimmywarting"
        },
        {
          "type": "paypal",
          "url": "https://paypal.me/jimmywarting"
        }
      ],
      "dependencies": {
        "node-domexception": "^1.0.0",
        "web-streams-polyfill": "^3.0.3"
      },
      "engines": {
        "node": "^12.20 || >= 14.13"
      }
    },
    "node_modules/formdata-polyfill": {
      "version": "4.0.10",
      "resolved": "https://registry.npmjs.org/formdata-polyfill/-/formdata-polyfill-4.0.10.tgz",
      "integrity": "sha512-buewHzMvYL29jdeQTVILecSaZKnt/RJWjoZCF5OW60Z67/GmSLBkOFM7qh1PI3zFNtJbaZL5eQu1vLfazOwj4g==",
      "dependencies": {
        "fetch-blob": "^3.1.2"
      },
      "engines": {
        "node": ">=12.20.0"
      }
    },
    "node_modules/js-base64": {
      "version": "3.7.7",
      "resolved": "https://registry.npmjs.org/js-base64/-/js-base64-3.7.7.tgz",
      "integrity": "sha512-7rCnleh0z2CkXhH67J8K1Ytz0b2Y+yxTPL+/KOJoa20hfnVQ/3/T6W/KflYI4bRHRagNeXeU2bkNGI3v1oS/lw=="
    },
    "node_modules/libsql": {
      "version": "0.3.18",
      "resolved": "https://registry.npmjs.org/libsql/-/libsql-0.3.18.tgz",
      "integrity": "sha512-lvhKr7WV3NLWRbXkjn/MeKqXOAqWKU0PX9QYrvDh7fneukapj+iUQ4qgJASrQyxcCrEsClXCQiiK5W6OoYPAlA==",
      "cpu": [
        "x64",
        "arm64",
        "wasm32"
      ],
      "os": [
        "darwin",
        "linux",
        "win32"
      ],
      "dependencies": {
        "@neon-rs/load": "^0.0.4",
        "detect-libc": "2.0.2",
        "libsql": "^0.3.15"
      },
      "optionalDependencies": {
        "@libsql/darwin-arm64": "0.3.18",
        "@libsql/darwin-x64": "0.3.18",
        "@libsql/linux-arm64-gnu": "0.3.18",
        "@libsql/linux-arm64-musl": "0.3.18",
        "@libsql/linux-x64-gnu": "0.3.18",
        "@libsql/linux-x64-musl": "0.3.18",
        "@libsql/win32-x64-msvc": "0.3.18"
      }
    },
    "node_modules/node-domexception": {
      "version": "1.0.0",
      "resolved": "https://registry.npmjs.org/node-domexception/-/node-domexception-1.0.0.tgz",
      "integrity": "sha512-/jKZoMpw0F8GRwl4/eLROPA3cfcXtLApP0QzLmUT/HuPCZWyB7IY9ZrMeKw2O/nFIqPQB3PVM9aYm0F312AXDQ==",
      "funding": [
        {
          "type": "github",
          "url": "https://github.com/sponsors/jimmywarting"
        },
        {
          "type": "github",
          "url": "https://paypal.me/jimmywarting"
        }
      ],
      "engines": {
        "node": ">=10.5.0"
      }
    },
    "node_modules/node-fetch": {
      "version": "3.3.2",
      "resolved": "https://registry.npmjs.org/node-fetch/-/node-fetch-3.3.2.tgz",
      "integrity": "sha512-dRB78srN/l6gqWulah9SrxeYnxeddIG30+GOqK/9OlLVyLg3HPnr6SqOWTWOXKRwC2eGYCkZ59NNuSgvSrpgOA==",
      "dependencies": {
        "data-uri-to-buffer": "^4.0.0",
        "fetch-blob": "^3.1.4",
        "formdata-polyfill": "^4.0.10"
      },
      "engines": {
        "node": "^12.20.0 || ^14.13.1 || >=16.0.0"
      },
      "funding": {
        "type": "opencollective",
        "url": "https://opencollective.com/node-fetch"
      }
    },
    "node_modules/typescript": {
      "version": "5.3.3",
      "resolved": "https://registry.npmjs.org/typescript/-/typescript-5.3.3.tgz",
      "integrity": "sha512-pXWcraxM0uxAS+tN0AG/BF2TyqmHO014Z070UsJ+pFvYuRSq8KH8DmWpnbXe0pEPDHXZV3FcAbJkijJ5oNEnWw==",
      "dev": true,
      "bin": {
        "tsc": "bin/tsc",
        "tsserver": "bin/tsserver"
      },
      "engines": {
        "node": ">=14.17"
      }
    },
    "node_modules/undici-types": {
      "version": "5.26.5",
      "resolved": "https://registry.npmjs.org/undici-types/-/undici-types-5.26.5.tgz",
      "integrity": "sha512-JlCMO+ehdEIKqlFxk6IfVoAUVmgz7cU7zD/h9XZ0qzeosSHmUJVOzSQvvYSYWXkFXC+IfLKSIffhv0sVZup6pA=="
    },
    "node_modules/web-streams-polyfill": {
      "version": "3.3.3",
      "resolved": "https://registry.npmjs.org/web-streams-polyfill/-/web-streams-polyfill-3.3.3.tgz",
      "integrity": "sha512-d2JWLCivmZYTSIoge9MsgFCZrt571BikcWGYkjC1khllbTeDlGqZ2D8vD8E/lJa8WGWbb7Plm8/XJYV7IJHZZw==",
      "engines": {
        "node": ">= 8"
      }
    },
    "node_modules/ws": {
      "version": "8.17.0",
      "resolved": "https://registry.npmjs.org/ws/-/ws-8.17.0.tgz",
      "integrity": "sha512-uJq6108EgZMAl20KagGkzCKfMEjxmKvZHG7Tlq0Z6nOky7YF7aq4mOx6xK8TJ/i1LeK4Qus7INktacctDgY8Ow==",
      "engines": {
        "node": ">=10.0.0"
      },
      "peerDependencies": {
        "bufferutil": "^4.0.1",
        "utf-8-validate": ">=5.0.2"
      },
      "peerDependenciesMeta": {
        "bufferutil": {
          "optional": true
        },
        "utf-8-validate": {
          "optional": true
        }
      }
    }
  }
}
